
Microsoft Visual Studio Solution File, Format Version 12.00
# Visual Studio Version 16
VisualStudioVersion = 16.0.29009.5
MinimumVisualStudioVersion = 10.0.40219.1
Project("{2150E333-8FDC-42A3-9474-1A3956D46DE8}") = "Libraries", "Libraries", "{879B35F2-0456-4C5F-B4B8-F9088D687423}"
EndProject
Project("{FAE04EC0-301F-11D3-BF4B-00C04F79EFBC}") = "RayCarrot.RCP.Metro", "RayCarrot.RCP.Metro\RayCarrot.RCP.Metro.csproj", "{A97AAB72-0F1B-4D6B-8E1C-DEB5D9DE0710}"
EndProject
Project("{2150E333-8FDC-42A3-9474-1A3956D46DE8}") = "Other", "Other", "{A4E18751-83F7-4896-84DE-2998C17BA5AF}"
	ProjectSection(SolutionItems) = preProject
		Documentation (old)\Documentation.md = Documentation (old)\Documentation.md
		LICENSE = LICENSE
		Plan.txt = Plan.txt
		README.md = README.md
		TODO.txt = TODO.txt
	EndProjectSection
EndProject
Project("{FAE04EC0-301F-11D3-BF4B-00C04F79EFBC}") = "RayCarrot.RCP.Metro.Updater", "RayCarrot.RCP.Metro.Updater\RayCarrot.RCP.Metro.Updater.csproj", "{001CD0CA-D3A9-446D-B93A-CB941D98C25C}"
EndProject
Project("{FAE04EC0-301F-11D3-BF4B-00C04F79EFBC}") = "RayCarrot.RCP.Uninstaller", "RayCarrot.RCP.Uninstaller\RayCarrot.RCP.Uninstaller.csproj", "{870B044D-9987-425D-B489-312D28F2C601}"
EndProject
Project("{FAE04EC0-301F-11D3-BF4B-00C04F79EFBC}") = "RayCarrot.RCP.AdminWorker", "RayCarrot.RCP.AdminWorker\RayCarrot.RCP.AdminWorker.csproj", "{C7596308-392F-43EA-9C89-C0CCCA1EC0EA}"
EndProject
Project("{FAE04EC0-301F-11D3-BF4B-00C04F79EFBC}") = "RayCarrot.WPF", "..\RayCarrot.WPF\RayCarrot.WPF\RayCarrot.WPF.csproj", "{9B10DC81-CB32-45A1-B52B-FBB3E4D056A0}"
EndProject
Project("{FAE04EC0-301F-11D3-BF4B-00C04F79EFBC}") = "RayCarrot.Windows.Shell", "..\RayCarrot.CarrotFramework\RayCarrot.Windows.Shell\RayCarrot.Windows.Shell.csproj", "{55F49D1E-C9BD-4CC4-9FF0-D646D9F42A21}"
EndProject
Project("{2150E333-8FDC-42A3-9474-1A3956D46DE8}") = "References", "References", "{FE77A000-16C8-4C8E-8E86-B16E8676C8FB}"
	ProjectSection(SolutionItems) = preProject
		References\Infralution.Localization.Wpf.dll = References\Infralution.Localization.Wpf.dll
	EndProjectSection
EndProject
Project("{2150E333-8FDC-42A3-9474-1A3956D46DE8}") = "Screenshots", "Screenshots", "{150B7714-F70A-42D7-8C01-FB0CF636C0A4}"
	ProjectSection(SolutionItems) = preProject
		Screenshots\Screenshot1.png = Screenshots\Screenshot1.png
		Screenshots\Screenshot2.png = Screenshots\Screenshot2.png
		Screenshots\Screenshot3.png = Screenshots\Screenshot3.png
		Screenshots\Screenshot4.png = Screenshots\Screenshot4.png
		Screenshots\Screenshot5.png = Screenshots\Screenshot5.png
	EndProjectSection
EndProject
Project("{FAE04EC0-301F-11D3-BF4B-00C04F79EFBC}") = "RayCarrot.WPF.Metro", "..\RayCarrot.WPF.Metro\RayCarrot.WPF.Metro\RayCarrot.WPF.Metro.csproj", "{5D776C26-0212-4062-A0F4-8AD7C2561A69}"
EndProject
Project("{2150E333-8FDC-42A3-9474-1A3956D46DE8}") = "WPF", "WPF", "{7187C3BD-9853-47B7-938F-CC45CC53F8EE}"
EndProject
Project("{FAE04EC0-301F-11D3-BF4B-00C04F79EFBC}") = "RayCarrot.Rayman", "..\RayCarrot.Rayman\RayCarrot.Rayman\RayCarrot.Rayman.csproj", "{B3C0C9EE-0ACB-4CD6-9DAB-D9F3C741300D}"
EndProject
Project("{2150E333-8FDC-42A3-9474-1A3956D46DE8}") = "Rayman Control Panel", "Rayman Control Panel", "{5428B0C5-4DD5-4A42-BA9E-3DFF74D61362}"
EndProject
Project("{2150E333-8FDC-42A3-9474-1A3956D46DE8}") = "Deployable", "Deployable", "{65E77864-A23C-4B4F-8219-BB141B902815}"
EndProject
Project("{2150E333-8FDC-42A3-9474-1A3956D46DE8}") = "Core", "Core", "{BD3FD629-CC69-4E39-B1CB-5804EFDF06F1}"
EndProject
Project("{FAE04EC0-301F-11D3-BF4B-00C04F79EFBC}") = "RayCarrot.RCP.Core", "RayCarrot.RCP.Core\RayCarrot.RCP.Core.csproj", "{7C723F2E-EEA2-4B41-96E2-9359AF141E17}"
EndProject
Project("{FAE04EC0-301F-11D3-BF4B-00C04F79EFBC}") = "RayCarrot.RCP.Modding", "RayCarrot.RCP.Modding\RayCarrot.RCP.Modding.csproj", "{39CEEBE4-8B47-4331-82F2-2EB5F5391CD7}"
EndProject
Project("{2150E333-8FDC-42A3-9474-1A3956D46DE8}") = "Metro", "Metro", "{35784104-E61C-48A6-A9FC-80FD64C8366C}"
EndProject
Project("{2150E333-8FDC-42A3-9474-1A3956D46DE8}") = "Modding", "Modding", "{043572F2-F511-458E-98B3-FB5786D529FD}"
EndProject
Project("{FAE04EC0-301F-11D3-BF4B-00C04F79EFBC}") = "RayCarrot.RCP.ArchiveExplorer", "RayCarrot.RCP.ArchiveExplorer\RayCarrot.RCP.ArchiveExplorer.csproj", "{227B7A8C-AB72-4AFD-A44D-6C4BC7D9DB88}"
EndProject
Global
	GlobalSection(SolutionConfigurationPlatforms) = preSolution
		Debug|Any CPU = Debug|Any CPU
		Debug|x86 = Debug|x86
		Release|Any CPU = Release|Any CPU
		Release|x86 = Release|x86
	EndGlobalSection
	GlobalSection(ProjectConfigurationPlatforms) = postSolution
		{A97AAB72-0F1B-4D6B-8E1C-DEB5D9DE0710}.Debug|Any CPU.ActiveCfg = Debug|Any CPU
		{A97AAB72-0F1B-4D6B-8E1C-DEB5D9DE0710}.Debug|Any CPU.Build.0 = Debug|Any CPU
		{A97AAB72-0F1B-4D6B-8E1C-DEB5D9DE0710}.Debug|x86.ActiveCfg = Debug|Any CPU
		{A97AAB72-0F1B-4D6B-8E1C-DEB5D9DE0710}.Debug|x86.Build.0 = Debug|Any CPU
		{A97AAB72-0F1B-4D6B-8E1C-DEB5D9DE0710}.Release|Any CPU.ActiveCfg = Release|Any CPU
		{A97AAB72-0F1B-4D6B-8E1C-DEB5D9DE0710}.Release|Any CPU.Build.0 = Release|Any CPU
		{A97AAB72-0F1B-4D6B-8E1C-DEB5D9DE0710}.Release|x86.ActiveCfg = Release|Any CPU
		{A97AAB72-0F1B-4D6B-8E1C-DEB5D9DE0710}.Release|x86.Build.0 = Release|Any CPU
		{001CD0CA-D3A9-446D-B93A-CB941D98C25C}.Debug|Any CPU.ActiveCfg = Debug|Any CPU
		{001CD0CA-D3A9-446D-B93A-CB941D98C25C}.Debug|Any CPU.Build.0 = Debug|Any CPU
		{001CD0CA-D3A9-446D-B93A-CB941D98C25C}.Debug|x86.ActiveCfg = Debug|Any CPU
		{001CD0CA-D3A9-446D-B93A-CB941D98C25C}.Debug|x86.Build.0 = Debug|Any CPU
		{001CD0CA-D3A9-446D-B93A-CB941D98C25C}.Release|Any CPU.ActiveCfg = Release|Any CPU
		{001CD0CA-D3A9-446D-B93A-CB941D98C25C}.Release|Any CPU.Build.0 = Release|Any CPU
		{001CD0CA-D3A9-446D-B93A-CB941D98C25C}.Release|x86.ActiveCfg = Release|Any CPU
		{001CD0CA-D3A9-446D-B93A-CB941D98C25C}.Release|x86.Build.0 = Release|Any CPU
		{870B044D-9987-425D-B489-312D28F2C601}.Debug|Any CPU.ActiveCfg = Debug|Any CPU
		{870B044D-9987-425D-B489-312D28F2C601}.Debug|Any CPU.Build.0 = Debug|Any CPU
		{870B044D-9987-425D-B489-312D28F2C601}.Debug|x86.ActiveCfg = Debug|Any CPU
		{870B044D-9987-425D-B489-312D28F2C601}.Debug|x86.Build.0 = Debug|Any CPU
		{870B044D-9987-425D-B489-312D28F2C601}.Release|Any CPU.ActiveCfg = Release|Any CPU
		{870B044D-9987-425D-B489-312D28F2C601}.Release|Any CPU.Build.0 = Release|Any CPU
		{870B044D-9987-425D-B489-312D28F2C601}.Release|x86.ActiveCfg = Release|Any CPU
		{870B044D-9987-425D-B489-312D28F2C601}.Release|x86.Build.0 = Release|Any CPU
		{C7596308-392F-43EA-9C89-C0CCCA1EC0EA}.Debug|Any CPU.ActiveCfg = Debug|Any CPU
		{C7596308-392F-43EA-9C89-C0CCCA1EC0EA}.Debug|Any CPU.Build.0 = Debug|Any CPU
		{C7596308-392F-43EA-9C89-C0CCCA1EC0EA}.Debug|x86.ActiveCfg = Debug|Any CPU
		{C7596308-392F-43EA-9C89-C0CCCA1EC0EA}.Debug|x86.Build.0 = Debug|Any CPU
		{C7596308-392F-43EA-9C89-C0CCCA1EC0EA}.Release|Any CPU.ActiveCfg = Release|Any CPU
		{C7596308-392F-43EA-9C89-C0CCCA1EC0EA}.Release|Any CPU.Build.0 = Release|Any CPU
		{C7596308-392F-43EA-9C89-C0CCCA1EC0EA}.Release|x86.ActiveCfg = Release|Any CPU
		{C7596308-392F-43EA-9C89-C0CCCA1EC0EA}.Release|x86.Build.0 = Release|Any CPU
		{9B10DC81-CB32-45A1-B52B-FBB3E4D056A0}.Debug|Any CPU.ActiveCfg = Debug|Any CPU
		{9B10DC81-CB32-45A1-B52B-FBB3E4D056A0}.Debug|Any CPU.Build.0 = Debug|Any CPU
		{9B10DC81-CB32-45A1-B52B-FBB3E4D056A0}.Debug|x86.ActiveCfg = Debug|Any CPU
		{9B10DC81-CB32-45A1-B52B-FBB3E4D056A0}.Debug|x86.Build.0 = Debug|Any CPU
		{9B10DC81-CB32-45A1-B52B-FBB3E4D056A0}.Release|Any CPU.ActiveCfg = Release|Any CPU
		{9B10DC81-CB32-45A1-B52B-FBB3E4D056A0}.Release|Any CPU.Build.0 = Release|Any CPU
		{9B10DC81-CB32-45A1-B52B-FBB3E4D056A0}.Release|x86.ActiveCfg = Release|Any CPU
		{9B10DC81-CB32-45A1-B52B-FBB3E4D056A0}.Release|x86.Build.0 = Release|Any CPU
		{55F49D1E-C9BD-4CC4-9FF0-D646D9F42A21}.Debug|Any CPU.ActiveCfg = Debug|Any CPU
		{55F49D1E-C9BD-4CC4-9FF0-D646D9F42A21}.Debug|Any CPU.Build.0 = Debug|Any CPU
		{55F49D1E-C9BD-4CC4-9FF0-D646D9F42A21}.Debug|x86.ActiveCfg = Debug|Any CPU
		{55F49D1E-C9BD-4CC4-9FF0-D646D9F42A21}.Debug|x86.Build.0 = Debug|Any CPU
		{55F49D1E-C9BD-4CC4-9FF0-D646D9F42A21}.Release|Any CPU.ActiveCfg = Release|Any CPU
		{55F49D1E-C9BD-4CC4-9FF0-D646D9F42A21}.Release|Any CPU.Build.0 = Release|Any CPU
		{55F49D1E-C9BD-4CC4-9FF0-D646D9F42A21}.Release|x86.ActiveCfg = Release|Any CPU
		{55F49D1E-C9BD-4CC4-9FF0-D646D9F42A21}.Release|x86.Build.0 = Release|Any CPU
		{5D776C26-0212-4062-A0F4-8AD7C2561A69}.Debug|Any CPU.ActiveCfg = Debug|Any CPU
		{5D776C26-0212-4062-A0F4-8AD7C2561A69}.Debug|Any CPU.Build.0 = Debug|Any CPU
		{5D776C26-0212-4062-A0F4-8AD7C2561A69}.Debug|x86.ActiveCfg = Debug|Any CPU
		{5D776C26-0212-4062-A0F4-8AD7C2561A69}.Debug|x86.Build.0 = Debug|Any CPU
		{5D776C26-0212-4062-A0F4-8AD7C2561A69}.Release|Any CPU.ActiveCfg = Release|Any CPU
		{5D776C26-0212-4062-A0F4-8AD7C2561A69}.Release|Any CPU.Build.0 = Release|Any CPU
		{5D776C26-0212-4062-A0F4-8AD7C2561A69}.Release|x86.ActiveCfg = Release|Any CPU
		{5D776C26-0212-4062-A0F4-8AD7C2561A69}.Release|x86.Build.0 = Release|Any CPU
		{B3C0C9EE-0ACB-4CD6-9DAB-D9F3C741300D}.Debug|Any CPU.ActiveCfg = Debug|Any CPU
		{B3C0C9EE-0ACB-4CD6-9DAB-D9F3C741300D}.Debug|Any CPU.Build.0 = Debug|Any CPU
		{B3C0C9EE-0ACB-4CD6-9DAB-D9F3C741300D}.Debug|x86.ActiveCfg = Debug|Any CPU
		{B3C0C9EE-0ACB-4CD6-9DAB-D9F3C741300D}.Debug|x86.Build.0 = Debug|Any CPU
		{B3C0C9EE-0ACB-4CD6-9DAB-D9F3C741300D}.Release|Any CPU.ActiveCfg = Release|Any CPU
		{B3C0C9EE-0ACB-4CD6-9DAB-D9F3C741300D}.Release|Any CPU.Build.0 = Release|Any CPU
		{B3C0C9EE-0ACB-4CD6-9DAB-D9F3C741300D}.Release|x86.ActiveCfg = Release|Any CPU
		{B3C0C9EE-0ACB-4CD6-9DAB-D9F3C741300D}.Release|x86.Build.0 = Release|Any CPU
		{7C723F2E-EEA2-4B41-96E2-9359AF141E17}.Debug|Any CPU.ActiveCfg = Debug|Any CPU
		{7C723F2E-EEA2-4B41-96E2-9359AF141E17}.Debug|Any CPU.Build.0 = Debug|Any CPU
		{7C723F2E-EEA2-4B41-96E2-9359AF141E17}.Debug|x86.ActiveCfg = Debug|Any CPU
		{7C723F2E-EEA2-4B41-96E2-9359AF141E17}.Debug|x86.Build.0 = Debug|Any CPU
		{7C723F2E-EEA2-4B41-96E2-9359AF141E17}.Release|Any CPU.ActiveCfg = Release|Any CPU
		{7C723F2E-EEA2-4B41-96E2-9359AF141E17}.Release|Any CPU.Build.0 = Release|Any CPU
		{7C723F2E-EEA2-4B41-96E2-9359AF141E17}.Release|x86.ActiveCfg = Release|Any CPU
		{7C723F2E-EEA2-4B41-96E2-9359AF141E17}.Release|x86.Build.0 = Release|Any CPU
		{39CEEBE4-8B47-4331-82F2-2EB5F5391CD7}.Debug|Any CPU.ActiveCfg = Debug|Any CPU
		{39CEEBE4-8B47-4331-82F2-2EB5F5391CD7}.Debug|Any CPU.Build.0 = Debug|Any CPU
		{39CEEBE4-8B47-4331-82F2-2EB5F5391CD7}.Debug|x86.ActiveCfg = Debug|Any CPU
		{39CEEBE4-8B47-4331-82F2-2EB5F5391CD7}.Debug|x86.Build.0 = Debug|Any CPU
		{39CEEBE4-8B47-4331-82F2-2EB5F5391CD7}.Release|Any CPU.ActiveCfg = Release|Any CPU
		{39CEEBE4-8B47-4331-82F2-2EB5F5391CD7}.Release|Any CPU.Build.0 = Release|Any CPU
		{39CEEBE4-8B47-4331-82F2-2EB5F5391CD7}.Release|x86.ActiveCfg = Release|Any CPU
		{39CEEBE4-8B47-4331-82F2-2EB5F5391CD7}.Release|x86.Build.0 = Release|Any CPU
		{227B7A8C-AB72-4AFD-A44D-6C4BC7D9DB88}.Debug|Any CPU.ActiveCfg = Debug|Any CPU
		{227B7A8C-AB72-4AFD-A44D-6C4BC7D9DB88}.Debug|Any CPU.Build.0 = Debug|Any CPU
		{227B7A8C-AB72-4AFD-A44D-6C4BC7D9DB88}.Debug|x86.ActiveCfg = Debug|Any CPU
		{227B7A8C-AB72-4AFD-A44D-6C4BC7D9DB88}.Debug|x86.Build.0 = Debug|Any CPU
		{227B7A8C-AB72-4AFD-A44D-6C4BC7D9DB88}.Release|Any CPU.ActiveCfg = Release|Any CPU
		{227B7A8C-AB72-4AFD-A44D-6C4BC7D9DB88}.Release|Any CPU.Build.0 = Release|Any CPU
		{227B7A8C-AB72-4AFD-A44D-6C4BC7D9DB88}.Release|x86.ActiveCfg = Release|Any CPU
		{227B7A8C-AB72-4AFD-A44D-6C4BC7D9DB88}.Release|x86.Build.0 = Release|Any CPU
	EndGlobalSection
	GlobalSection(SolutionProperties) = preSolution
		HideSolutionNode = FALSE
	EndGlobalSection
	GlobalSection(NestedProjects) = preSolution
		{A97AAB72-0F1B-4D6B-8E1C-DEB5D9DE0710} = {35784104-E61C-48A6-A9FC-80FD64C8366C}
		{001CD0CA-D3A9-446D-B93A-CB941D98C25C} = {65E77864-A23C-4B4F-8219-BB141B902815}
		{870B044D-9987-425D-B489-312D28F2C601} = {65E77864-A23C-4B4F-8219-BB141B902815}
		{C7596308-392F-43EA-9C89-C0CCCA1EC0EA} = {65E77864-A23C-4B4F-8219-BB141B902815}
		{9B10DC81-CB32-45A1-B52B-FBB3E4D056A0} = {7187C3BD-9853-47B7-938F-CC45CC53F8EE}
		{55F49D1E-C9BD-4CC4-9FF0-D646D9F42A21} = {879B35F2-0456-4C5F-B4B8-F9088D687423}
		{5D776C26-0212-4062-A0F4-8AD7C2561A69} = {7187C3BD-9853-47B7-938F-CC45CC53F8EE}
		{7187C3BD-9853-47B7-938F-CC45CC53F8EE} = {879B35F2-0456-4C5F-B4B8-F9088D687423}
		{B3C0C9EE-0ACB-4CD6-9DAB-D9F3C741300D} = {879B35F2-0456-4C5F-B4B8-F9088D687423}
		{65E77864-A23C-4B4F-8219-BB141B902815} = {35784104-E61C-48A6-A9FC-80FD64C8366C}
		{BD3FD629-CC69-4E39-B1CB-5804EFDF06F1} = {5428B0C5-4DD5-4A42-BA9E-3DFF74D61362}
		{7C723F2E-EEA2-4B41-96E2-9359AF141E17} = {BD3FD629-CC69-4E39-B1CB-5804EFDF06F1}
		{39CEEBE4-8B47-4331-82F2-2EB5F5391CD7} = {043572F2-F511-458E-98B3-FB5786D529FD}
		{35784104-E61C-48A6-A9FC-80FD64C8366C} = {5428B0C5-4DD5-4A42-BA9E-3DFF74D61362}
		{043572F2-F511-458E-98B3-FB5786D529FD} = {5428B0C5-4DD5-4A42-BA9E-3DFF74D61362}
		{227B7A8C-AB72-4AFD-A44D-6C4BC7D9DB88} = {BD3FD629-CC69-4E39-B1CB-5804EFDF06F1}
	EndGlobalSection
	GlobalSection(ExtensibilityGlobals) = postSolution
		RESX_TaskErrorCategory = Message
		SolutionGuid = {72682148-CB63-41E1-94BC-0CE816F7E910}
		RESX_CodeReferences = {"Items":[{"Expression":"\\W($File.$Key)\\W","Extensions":".cs,.cshtml","IsCaseSensitive":true,"SingleLineComment":"\/\/"},{"Expression":"ResourceManager.GetString\\(\"($Key)\"\\)","Extensions":".cs","IsCaseSensitive":true,"SingleLineComment":"\/\/"},{"Expression":"typeof\\((\\w+\\.)*($File)\\).+\"($Key)\"|\"($Key)\".+typeof\\((\\w+\\.)*($File)\\)","Extensions":".cs","IsCaseSensitive":true,"SingleLineComment":"\/\/"},{"Expression":"\\W($Key)\\W","Extensions":".vb","IsCaseSensitive":false,"SingleLineComment":"'"},{"Expression":"\\W($File::$Key)\\W","Extensions":".cpp,.c,.hxx,.h","IsCaseSensitive":true,"SingleLineComment":"\/\/"},{"Expression":"&lt;%\\$\\s+Resources:\\s*($File)\\s*,\\s*($Key)\\s*%&gt;","Extensions":".aspx,.ascx,.master","IsCaseSensitive":true,"SingleLineComment":null},{"Expression":"StringResourceKey\\.($Key)","Extensions":".cs","IsCaseSensitive":true,"SingleLineComment":"\/\/"},{"Expression":"{Resx $Key}","Extensions":".xaml","IsCaseSensitive":true,"SingleLineComment":null}]}
		RESX_ExcelExportMode = SingleSheet
	EndGlobalSection
EndGlobal
