
Microsoft Visual Studio Solution File, Format Version 12.00
# Visual Studio Version 16
VisualStudioVersion = 16.0.29009.5
MinimumVisualStudioVersion = 10.0.40219.1
Project("{2150E333-8FDC-42A3-9474-1A3956D46DE8}") = "Libraries", "Libraries", "{879B35F2-0456-4C5F-B4B8-F9088D687423}"
EndProject
Project("{FAE04EC0-301F-11D3-BF4B-00C04F79EFBC}") = "RayCarrot.Windows.Shell", "..\..\Carrot Framework Extensions\RayCarrot.Windows.Shell\RayCarrot.Windows.Shell.csproj", "{55F49D1E-C9BD-4CC4-9FF0-D646D9F42A21}"
EndProject
Project("{FAE04EC0-301F-11D3-BF4B-00C04F79EFBC}") = "RayCarrot.WPF", "..\..\Carrot WPF\RayCarrot.WPF\RayCarrot.WPF.csproj", "{9B10DC81-CB32-45A1-B52B-FBB3E4D056A0}"
EndProject
Project("{FAE04EC0-301F-11D3-BF4B-00C04F79EFBC}") = "RayCarrot.RCP.Metro", "RayCarrot.RCP.Metro\RayCarrot.RCP.Metro.csproj", "{A97AAB72-0F1B-4D6B-8E1C-DEB5D9DE0710}"
EndProject
Project("{2150E333-8FDC-42A3-9474-1A3956D46DE8}") = "Other", "Other", "{A4E18751-83F7-4896-84DE-2998C17BA5AF}"
	ProjectSection(SolutionItems) = preProject
		README.md = README.md
		TODO.txt = TODO.txt
	EndProjectSection
EndProject
Project("{9A19103F-16F7-4668-BE54-9A1E7A4F7556}") = "RayCarrot.Rayman", "..\RayCarrot.Rayman\RayCarrot.Rayman\RayCarrot.Rayman.csproj", "{E8A27323-72A7-4708-9624-EBFFB5019803}"
EndProject
Project("{FAE04EC0-301F-11D3-BF4B-00C04F79EFBC}") = "RayCarrot.RCP.Metro.Updater", "RayCarrot.RCP.Metro.Updater\RayCarrot.RCP.Metro.Updater.csproj", "{001CD0CA-D3A9-446D-B93A-CB941D98C25C}"
EndProject
Project("{FAE04EC0-301F-11D3-BF4B-00C04F79EFBC}") = "RayCarrot.RCP.Uninstaller", "RayCarrot.RCP.Uninstaller\RayCarrot.RCP.Uninstaller.csproj", "{870B044D-9987-425D-B489-312D28F2C601}"
EndProject
Project("{FAE04EC0-301F-11D3-BF4B-00C04F79EFBC}") = "RayCarrot.RCP.AdminWorker", "RayCarrot.RCP.AdminWorker\RayCarrot.RCP.AdminWorker.csproj", "{C7596308-392F-43EA-9C89-C0CCCA1EC0EA}"
EndProject
Global
	GlobalSection(SolutionConfigurationPlatforms) = preSolution
		Debug|Any CPU = Debug|Any CPU
		Debug|x86 = Debug|x86
		Release|Any CPU = Release|Any CPU
		Release|x86 = Release|x86
	EndGlobalSection
	GlobalSection(ProjectConfigurationPlatforms) = postSolution
		{55F49D1E-C9BD-4CC4-9FF0-D646D9F42A21}.Debug|Any CPU.ActiveCfg = Debug|Any CPU
		{55F49D1E-C9BD-4CC4-9FF0-D646D9F42A21}.Debug|Any CPU.Build.0 = Debug|Any CPU
		{55F49D1E-C9BD-4CC4-9FF0-D646D9F42A21}.Debug|x86.ActiveCfg = Debug|Any CPU
		{55F49D1E-C9BD-4CC4-9FF0-D646D9F42A21}.Debug|x86.Build.0 = Debug|Any CPU
		{55F49D1E-C9BD-4CC4-9FF0-D646D9F42A21}.Release|Any CPU.ActiveCfg = Release|Any CPU
		{55F49D1E-C9BD-4CC4-9FF0-D646D9F42A21}.Release|Any CPU.Build.0 = Release|Any CPU
		{55F49D1E-C9BD-4CC4-9FF0-D646D9F42A21}.Release|x86.ActiveCfg = Release|Any CPU
		{55F49D1E-C9BD-4CC4-9FF0-D646D9F42A21}.Release|x86.Build.0 = Release|Any CPU
		{9B10DC81-CB32-45A1-B52B-FBB3E4D056A0}.Debug|Any CPU.ActiveCfg = Debug|Any CPU
		{9B10DC81-CB32-45A1-B52B-FBB3E4D056A0}.Debug|Any CPU.Build.0 = Debug|Any CPU
		{9B10DC81-CB32-45A1-B52B-FBB3E4D056A0}.Debug|x86.ActiveCfg = Debug|Any CPU
		{9B10DC81-CB32-45A1-B52B-FBB3E4D056A0}.Debug|x86.Build.0 = Debug|Any CPU
		{9B10DC81-CB32-45A1-B52B-FBB3E4D056A0}.Release|Any CPU.ActiveCfg = Release|Any CPU
		{9B10DC81-CB32-45A1-B52B-FBB3E4D056A0}.Release|Any CPU.Build.0 = Release|Any CPU
		{9B10DC81-CB32-45A1-B52B-FBB3E4D056A0}.Release|x86.ActiveCfg = Release|Any CPU
		{9B10DC81-CB32-45A1-B52B-FBB3E4D056A0}.Release|x86.Build.0 = Release|Any CPU
		{A97AAB72-0F1B-4D6B-8E1C-DEB5D9DE0710}.Debug|Any CPU.ActiveCfg = Debug|Any CPU
		{A97AAB72-0F1B-4D6B-8E1C-DEB5D9DE0710}.Debug|Any CPU.Build.0 = Debug|Any CPU
		{A97AAB72-0F1B-4D6B-8E1C-DEB5D9DE0710}.Debug|x86.ActiveCfg = Debug|Any CPU
		{A97AAB72-0F1B-4D6B-8E1C-DEB5D9DE0710}.Debug|x86.Build.0 = Debug|Any CPU
		{A97AAB72-0F1B-4D6B-8E1C-DEB5D9DE0710}.Release|Any CPU.ActiveCfg = Release|Any CPU
		{A97AAB72-0F1B-4D6B-8E1C-DEB5D9DE0710}.Release|Any CPU.Build.0 = Release|Any CPU
		{A97AAB72-0F1B-4D6B-8E1C-DEB5D9DE0710}.Release|x86.ActiveCfg = Release|Any CPU
		{A97AAB72-0F1B-4D6B-8E1C-DEB5D9DE0710}.Release|x86.Build.0 = Release|Any CPU
		{E8A27323-72A7-4708-9624-EBFFB5019803}.Debug|Any CPU.ActiveCfg = Debug|Any CPU
		{E8A27323-72A7-4708-9624-EBFFB5019803}.Debug|Any CPU.Build.0 = Debug|Any CPU
		{E8A27323-72A7-4708-9624-EBFFB5019803}.Debug|x86.ActiveCfg = Debug|Any CPU
		{E8A27323-72A7-4708-9624-EBFFB5019803}.Debug|x86.Build.0 = Debug|Any CPU
		{E8A27323-72A7-4708-9624-EBFFB5019803}.Release|Any CPU.ActiveCfg = Release|Any CPU
		{E8A27323-72A7-4708-9624-EBFFB5019803}.Release|Any CPU.Build.0 = Release|Any CPU
		{E8A27323-72A7-4708-9624-EBFFB5019803}.Release|x86.ActiveCfg = Release|Any CPU
		{E8A27323-72A7-4708-9624-EBFFB5019803}.Release|x86.Build.0 = Release|Any CPU
		{001CD0CA-D3A9-446D-B93A-CB941D98C25C}.Debug|Any CPU.ActiveCfg = Debug|Any CPU
		{001CD0CA-D3A9-446D-B93A-CB941D98C25C}.Debug|Any CPU.Build.0 = Debug|Any CPU
		{001CD0CA-D3A9-446D-B93A-CB941D98C25C}.Debug|x86.ActiveCfg = Debug|Any CPU
		{001CD0CA-D3A9-446D-B93A-CB941D98C25C}.Debug|x86.Build.0 = Debug|Any CPU
		{001CD0CA-D3A9-446D-B93A-CB941D98C25C}.Release|Any CPU.ActiveCfg = Release|Any CPU
		{001CD0CA-D3A9-446D-B93A-CB941D98C25C}.Release|Any CPU.Build.0 = Release|Any CPU
		{001CD0CA-D3A9-446D-B93A-CB941D98C25C}.Release|x86.ActiveCfg = Release|Any CPU
		{001CD0CA-D3A9-446D-B93A-CB941D98C25C}.Release|x86.Build.0 = Release|Any CPU
		{870B044D-9987-425D-B489-312D28F2C601}.Debug|Any CPU.ActiveCfg = Debug|Any CPU
		{870B044D-9987-425D-B489-312D28F2C601}.Debug|Any CPU.Build.0 = Debug|Any CPU
		{870B044D-9987-425D-B489-312D28F2C601}.Debug|x86.ActiveCfg = Debug|Any CPU
		{870B044D-9987-425D-B489-312D28F2C601}.Debug|x86.Build.0 = Debug|Any CPU
		{870B044D-9987-425D-B489-312D28F2C601}.Release|Any CPU.ActiveCfg = Release|Any CPU
		{870B044D-9987-425D-B489-312D28F2C601}.Release|Any CPU.Build.0 = Release|Any CPU
		{870B044D-9987-425D-B489-312D28F2C601}.Release|x86.ActiveCfg = Release|Any CPU
		{870B044D-9987-425D-B489-312D28F2C601}.Release|x86.Build.0 = Release|Any CPU
		{C7596308-392F-43EA-9C89-C0CCCA1EC0EA}.Debug|Any CPU.ActiveCfg = Debug|Any CPU
		{C7596308-392F-43EA-9C89-C0CCCA1EC0EA}.Debug|Any CPU.Build.0 = Debug|Any CPU
		{C7596308-392F-43EA-9C89-C0CCCA1EC0EA}.Debug|x86.ActiveCfg = Debug|Any CPU
		{C7596308-392F-43EA-9C89-C0CCCA1EC0EA}.Debug|x86.Build.0 = Debug|Any CPU
		{C7596308-392F-43EA-9C89-C0CCCA1EC0EA}.Release|Any CPU.ActiveCfg = Release|Any CPU
		{C7596308-392F-43EA-9C89-C0CCCA1EC0EA}.Release|Any CPU.Build.0 = Release|Any CPU
		{C7596308-392F-43EA-9C89-C0CCCA1EC0EA}.Release|x86.ActiveCfg = Release|Any CPU
		{C7596308-392F-43EA-9C89-C0CCCA1EC0EA}.Release|x86.Build.0 = Release|Any CPU
	EndGlobalSection
	GlobalSection(SolutionProperties) = preSolution
		HideSolutionNode = FALSE
	EndGlobalSection
	GlobalSection(NestedProjects) = preSolution
		{55F49D1E-C9BD-4CC4-9FF0-D646D9F42A21} = {879B35F2-0456-4C5F-B4B8-F9088D687423}
		{9B10DC81-CB32-45A1-B52B-FBB3E4D056A0} = {879B35F2-0456-4C5F-B4B8-F9088D687423}
		{E8A27323-72A7-4708-9624-EBFFB5019803} = {879B35F2-0456-4C5F-B4B8-F9088D687423}
	EndGlobalSection
	GlobalSection(ExtensibilityGlobals) = postSolution
		SolutionGuid = {72682148-CB63-41E1-94BC-0CE816F7E910}
	EndGlobalSection
EndGlobal
