
Microsoft Visual Studio Solution File, Format Version 12.00
# Visual Studio Version 17
VisualStudioVersion = 17.0.31912.275
MinimumVisualStudioVersion = 10.0.40219.1
Project("{9A19103F-16F7-4668-BE54-9A1E7A4F7556}") = "RayCarrot.RCP.Metro", "RayCarrot.RCP.Metro\RayCarrot.RCP.Metro.csproj", "{A97AAB72-0F1B-4D6B-8E1C-DEB5D9DE0710}"
EndProject
Project("{FAE04EC0-301F-11D3-BF4B-00C04F79EFBC}") = "RayCarrot.RCP.Updater", "RayCarrot.RCP.Metro.Updater\RayCarrot.RCP.Updater.csproj", "{001CD0CA-D3A9-446D-B93A-CB941D98C25C}"
EndProject
Project("{FAE04EC0-301F-11D3-BF4B-00C04F79EFBC}") = "RayCarrot.RCP.Uninstaller", "RayCarrot.RCP.Uninstaller\RayCarrot.RCP.Uninstaller.csproj", "{870B044D-9987-425D-B489-312D28F2C601}"
EndProject
Project("{FAE04EC0-301F-11D3-BF4B-00C04F79EFBC}") = "RayCarrot.RCP.AdminWorker", "RayCarrot.RCP.AdminWorker\RayCarrot.RCP.AdminWorker.csproj", "{C7596308-392F-43EA-9C89-C0CCCA1EC0EA}"
EndProject
Project("{2150E333-8FDC-42A3-9474-1A3956D46DE8}") = "Deployable", "Deployable", "{65E77864-A23C-4B4F-8219-BB141B902815}"
EndProject
Project("{2150E333-8FDC-42A3-9474-1A3956D46DE8}") = "Binary", "Binary", "{7467979D-E630-4407-97D2-8EBAE531D746}"
EndProject
Project("{9A19103F-16F7-4668-BE54-9A1E7A4F7556}") = "BinarySerializer", "..\submodules\BinarySerializer\src\BinarySerializer.csproj", "{4232E835-98BC-41D6-BCFA-7CC2BD4C258C}"
EndProject
Project("{9A19103F-16F7-4668-BE54-9A1E7A4F7556}") = "BinarySerializer.PS1", "..\submodules\BinarySerializer.PS1\src\BinarySerializer.PS1.csproj", "{7CF69CB9-C09C-4515-A925-09BCB34D01C1}"
EndProject
Project("{9A19103F-16F7-4668-BE54-9A1E7A4F7556}") = "BinarySerializer.Ray1", "..\submodules\BinarySerializer.Ray1\src\BinarySerializer.Ray1\BinarySerializer.Ray1.csproj", "{B896FFE5-025E-4688-9E68-6AD2F282F534}"
EndProject
Project("{9A19103F-16F7-4668-BE54-9A1E7A4F7556}") = "BinarySerializer.OpenSpace", "..\submodules\BinarySerializer.OpenSpace\src\BinarySerializer.OpenSpace.csproj", "{83FF180E-5463-4A03-9345-AE86E8E73462}"
EndProject
Project("{9A19103F-16F7-4668-BE54-9A1E7A4F7556}") = "BinarySerializer.UbiArt", "..\submodules\BinarySerializer.UbiArt\src\BinarySerializer.UbiArt.csproj", "{015EB29F-C337-4862-BAA6-5066396FB9B1}"
EndProject
Project("{FAE04EC0-301F-11D3-BF4B-00C04F79EFBC}") = "RayCarrot.RCP.Metro.Tests", "RayCarrot.RCP.Metro.Tests\RayCarrot.RCP.Metro.Tests.csproj", "{9104392E-C9B5-4260-A3C7-D504835D5B6C}"
EndProject
Global
	GlobalSection(SolutionConfigurationPlatforms) = preSolution
		Debug|Any CPU = Debug|Any CPU
		Debug|x86 = Debug|x86
		Release|Any CPU = Release|Any CPU
		Release|x86 = Release|x86
	EndGlobalSection
	GlobalSection(ProjectConfigurationPlatforms) = postSolution
		{A97AAB72-0F1B-4D6B-8E1C-DEB5D9DE0710}.Debug|Any CPU.ActiveCfg = Debug|Any CPU
		{A97AAB72-0F1B-4D6B-8E1C-DEB5D9DE0710}.Debug|Any CPU.Build.0 = Debug|Any CPU
		{A97AAB72-0F1B-4D6B-8E1C-DEB5D9DE0710}.Debug|x86.ActiveCfg = Debug|Any CPU
		{A97AAB72-0F1B-4D6B-8E1C-DEB5D9DE0710}.Debug|x86.Build.0 = Debug|Any CPU
		{A97AAB72-0F1B-4D6B-8E1C-DEB5D9DE0710}.Release|Any CPU.ActiveCfg = Release|Any CPU
		{A97AAB72-0F1B-4D6B-8E1C-DEB5D9DE0710}.Release|Any CPU.Build.0 = Release|Any CPU
		{A97AAB72-0F1B-4D6B-8E1C-DEB5D9DE0710}.Release|x86.ActiveCfg = Release|Any CPU
		{A97AAB72-0F1B-4D6B-8E1C-DEB5D9DE0710}.Release|x86.Build.0 = Release|Any CPU
		{001CD0CA-D3A9-446D-B93A-CB941D98C25C}.Debug|Any CPU.ActiveCfg = Debug|Any CPU
		{001CD0CA-D3A9-446D-B93A-CB941D98C25C}.Debug|Any CPU.Build.0 = Debug|Any CPU
		{001CD0CA-D3A9-446D-B93A-CB941D98C25C}.Debug|x86.ActiveCfg = Debug|Any CPU
		{001CD0CA-D3A9-446D-B93A-CB941D98C25C}.Debug|x86.Build.0 = Debug|Any CPU
		{001CD0CA-D3A9-446D-B93A-CB941D98C25C}.Release|Any CPU.ActiveCfg = Release|Any CPU
		{001CD0CA-D3A9-446D-B93A-CB941D98C25C}.Release|Any CPU.Build.0 = Release|Any CPU
		{001CD0CA-D3A9-446D-B93A-CB941D98C25C}.Release|x86.ActiveCfg = Release|Any CPU
		{001CD0CA-D3A9-446D-B93A-CB941D98C25C}.Release|x86.Build.0 = Release|Any CPU
		{870B044D-9987-425D-B489-312D28F2C601}.Debug|Any CPU.ActiveCfg = Debug|Any CPU
		{870B044D-9987-425D-B489-312D28F2C601}.Debug|Any CPU.Build.0 = Debug|Any CPU
		{870B044D-9987-425D-B489-312D28F2C601}.Debug|x86.ActiveCfg = Debug|Any CPU
		{870B044D-9987-425D-B489-312D28F2C601}.Debug|x86.Build.0 = Debug|Any CPU
		{870B044D-9987-425D-B489-312D28F2C601}.Release|Any CPU.ActiveCfg = Release|Any CPU
		{870B044D-9987-425D-B489-312D28F2C601}.Release|Any CPU.Build.0 = Release|Any CPU
		{870B044D-9987-425D-B489-312D28F2C601}.Release|x86.ActiveCfg = Release|Any CPU
		{870B044D-9987-425D-B489-312D28F2C601}.Release|x86.Build.0 = Release|Any CPU
		{C7596308-392F-43EA-9C89-C0CCCA1EC0EA}.Debug|Any CPU.ActiveCfg = Debug|Any CPU
		{C7596308-392F-43EA-9C89-C0CCCA1EC0EA}.Debug|Any CPU.Build.0 = Debug|Any CPU
		{C7596308-392F-43EA-9C89-C0CCCA1EC0EA}.Debug|x86.ActiveCfg = Debug|Any CPU
		{C7596308-392F-43EA-9C89-C0CCCA1EC0EA}.Debug|x86.Build.0 = Debug|Any CPU
		{C7596308-392F-43EA-9C89-C0CCCA1EC0EA}.Release|Any CPU.ActiveCfg = Release|Any CPU
		{C7596308-392F-43EA-9C89-C0CCCA1EC0EA}.Release|Any CPU.Build.0 = Release|Any CPU
		{C7596308-392F-43EA-9C89-C0CCCA1EC0EA}.Release|x86.ActiveCfg = Release|Any CPU
		{C7596308-392F-43EA-9C89-C0CCCA1EC0EA}.Release|x86.Build.0 = Release|Any CPU
		{4232E835-98BC-41D6-BCFA-7CC2BD4C258C}.Debug|Any CPU.ActiveCfg = Debug|Any CPU
		{4232E835-98BC-41D6-BCFA-7CC2BD4C258C}.Debug|Any CPU.Build.0 = Debug|Any CPU
		{4232E835-98BC-41D6-BCFA-7CC2BD4C258C}.Debug|x86.ActiveCfg = Debug|Any CPU
		{4232E835-98BC-41D6-BCFA-7CC2BD4C258C}.Debug|x86.Build.0 = Debug|Any CPU
		{4232E835-98BC-41D6-BCFA-7CC2BD4C258C}.Release|Any CPU.ActiveCfg = Release|Any CPU
		{4232E835-98BC-41D6-BCFA-7CC2BD4C258C}.Release|Any CPU.Build.0 = Release|Any CPU
		{4232E835-98BC-41D6-BCFA-7CC2BD4C258C}.Release|x86.ActiveCfg = Release|Any CPU
		{4232E835-98BC-41D6-BCFA-7CC2BD4C258C}.Release|x86.Build.0 = Release|Any CPU
		{7CF69CB9-C09C-4515-A925-09BCB34D01C1}.Debug|Any CPU.ActiveCfg = Debug|Any CPU
		{7CF69CB9-C09C-4515-A925-09BCB34D01C1}.Debug|Any CPU.Build.0 = Debug|Any CPU
		{7CF69CB9-C09C-4515-A925-09BCB34D01C1}.Debug|x86.ActiveCfg = Debug|Any CPU
		{7CF69CB9-C09C-4515-A925-09BCB34D01C1}.Debug|x86.Build.0 = Debug|Any CPU
		{7CF69CB9-C09C-4515-A925-09BCB34D01C1}.Release|Any CPU.ActiveCfg = Release|Any CPU
		{7CF69CB9-C09C-4515-A925-09BCB34D01C1}.Release|Any CPU.Build.0 = Release|Any CPU
		{7CF69CB9-C09C-4515-A925-09BCB34D01C1}.Release|x86.ActiveCfg = Release|Any CPU
		{7CF69CB9-C09C-4515-A925-09BCB34D01C1}.Release|x86.Build.0 = Release|Any CPU
		{B896FFE5-025E-4688-9E68-6AD2F282F534}.Debug|Any CPU.ActiveCfg = Debug|Any CPU
		{B896FFE5-025E-4688-9E68-6AD2F282F534}.Debug|Any CPU.Build.0 = Debug|Any CPU
		{B896FFE5-025E-4688-9E68-6AD2F282F534}.Debug|x86.ActiveCfg = Debug|Any CPU
		{B896FFE5-025E-4688-9E68-6AD2F282F534}.Debug|x86.Build.0 = Debug|Any CPU
		{B896FFE5-025E-4688-9E68-6AD2F282F534}.Release|Any CPU.ActiveCfg = Release|Any CPU
		{B896FFE5-025E-4688-9E68-6AD2F282F534}.Release|Any CPU.Build.0 = Release|Any CPU
		{B896FFE5-025E-4688-9E68-6AD2F282F534}.Release|x86.ActiveCfg = Release|Any CPU
		{B896FFE5-025E-4688-9E68-6AD2F282F534}.Release|x86.Build.0 = Release|Any CPU
		{83FF180E-5463-4A03-9345-AE86E8E73462}.Debug|Any CPU.ActiveCfg = Debug|Any CPU
		{83FF180E-5463-4A03-9345-AE86E8E73462}.Debug|Any CPU.Build.0 = Debug|Any CPU
		{83FF180E-5463-4A03-9345-AE86E8E73462}.Debug|x86.ActiveCfg = Debug|Any CPU
		{83FF180E-5463-4A03-9345-AE86E8E73462}.Debug|x86.Build.0 = Debug|Any CPU
		{83FF180E-5463-4A03-9345-AE86E8E73462}.Release|Any CPU.ActiveCfg = Release|Any CPU
		{83FF180E-5463-4A03-9345-AE86E8E73462}.Release|Any CPU.Build.0 = Release|Any CPU
		{83FF180E-5463-4A03-9345-AE86E8E73462}.Release|x86.ActiveCfg = Release|Any CPU
		{83FF180E-5463-4A03-9345-AE86E8E73462}.Release|x86.Build.0 = Release|Any CPU
		{015EB29F-C337-4862-BAA6-5066396FB9B1}.Debug|Any CPU.ActiveCfg = Debug|Any CPU
		{015EB29F-C337-4862-BAA6-5066396FB9B1}.Debug|Any CPU.Build.0 = Debug|Any CPU
		{015EB29F-C337-4862-BAA6-5066396FB9B1}.Debug|x86.ActiveCfg = Debug|Any CPU
		{015EB29F-C337-4862-BAA6-5066396FB9B1}.Debug|x86.Build.0 = Debug|Any CPU
		{015EB29F-C337-4862-BAA6-5066396FB9B1}.Release|Any CPU.ActiveCfg = Release|Any CPU
		{015EB29F-C337-4862-BAA6-5066396FB9B1}.Release|Any CPU.Build.0 = Release|Any CPU
		{015EB29F-C337-4862-BAA6-5066396FB9B1}.Release|x86.ActiveCfg = Release|Any CPU
		{015EB29F-C337-4862-BAA6-5066396FB9B1}.Release|x86.Build.0 = Release|Any CPU
		{9104392E-C9B5-4260-A3C7-D504835D5B6C}.Debug|Any CPU.ActiveCfg = Debug|Any CPU
		{9104392E-C9B5-4260-A3C7-D504835D5B6C}.Debug|Any CPU.Build.0 = Debug|Any CPU
		{9104392E-C9B5-4260-A3C7-D504835D5B6C}.Debug|x86.ActiveCfg = Debug|Any CPU
		{9104392E-C9B5-4260-A3C7-D504835D5B6C}.Debug|x86.Build.0 = Debug|Any CPU
		{9104392E-C9B5-4260-A3C7-D504835D5B6C}.Release|Any CPU.ActiveCfg = Release|Any CPU
		{9104392E-C9B5-4260-A3C7-D504835D5B6C}.Release|Any CPU.Build.0 = Release|Any CPU
		{9104392E-C9B5-4260-A3C7-D504835D5B6C}.Release|x86.ActiveCfg = Release|Any CPU
		{9104392E-C9B5-4260-A3C7-D504835D5B6C}.Release|x86.Build.0 = Release|Any CPU
	EndGlobalSection
	GlobalSection(SolutionProperties) = preSolution
		HideSolutionNode = FALSE
	EndGlobalSection
	GlobalSection(NestedProjects) = preSolution
		{001CD0CA-D3A9-446D-B93A-CB941D98C25C} = {65E77864-A23C-4B4F-8219-BB141B902815}
		{870B044D-9987-425D-B489-312D28F2C601} = {65E77864-A23C-4B4F-8219-BB141B902815}
		{C7596308-392F-43EA-9C89-C0CCCA1EC0EA} = {65E77864-A23C-4B4F-8219-BB141B902815}
		{4232E835-98BC-41D6-BCFA-7CC2BD4C258C} = {7467979D-E630-4407-97D2-8EBAE531D746}
		{7CF69CB9-C09C-4515-A925-09BCB34D01C1} = {7467979D-E630-4407-97D2-8EBAE531D746}
		{B896FFE5-025E-4688-9E68-6AD2F282F534} = {7467979D-E630-4407-97D2-8EBAE531D746}
		{83FF180E-5463-4A03-9345-AE86E8E73462} = {7467979D-E630-4407-97D2-8EBAE531D746}
		{015EB29F-C337-4862-BAA6-5066396FB9B1} = {7467979D-E630-4407-97D2-8EBAE531D746}
	EndGlobalSection
	GlobalSection(ExtensibilityGlobals) = postSolution
		RESX_TaskErrorCategory = Message
		SolutionGuid = {72682148-CB63-41E1-94BC-0CE816F7E910}
		RESX_CodeReferences = {"Items":[{"Expression":"\\W($File.$Key)\\W","Extensions":".cs,.cshtml","IsCaseSensitive":true,"SingleLineComment":"\/\/"},{"Expression":"ResourceManager.GetString\\(\"($Key)\"\\)","Extensions":".cs","IsCaseSensitive":true,"SingleLineComment":"\/\/"},{"Expression":"typeof\\((\\w+\\.)*($File)\\).+\"($Key)\"|\"($Key)\".+typeof\\((\\w+\\.)*($File)\\)","Extensions":".cs","IsCaseSensitive":true,"SingleLineComment":"\/\/"},{"Expression":"\\W($Key)\\W","Extensions":".vb","IsCaseSensitive":false,"SingleLineComment":"'"},{"Expression":"\\W($File::$Key)\\W","Extensions":".cpp,.c,.hxx,.h","IsCaseSensitive":true,"SingleLineComment":"\/\/"},{"Expression":"&lt;%\\$\\s+Resources:\\s*($File)\\s*,\\s*($Key)\\s*%&gt;","Extensions":".aspx,.ascx,.master","IsCaseSensitive":true,"SingleLineComment":null},{"Expression":"StringResourceKey\\.($Key)","Extensions":".cs","IsCaseSensitive":true,"SingleLineComment":"\/\/"},{"Expression":"{Resx $Key}","Extensions":".xaml","IsCaseSensitive":true,"SingleLineComment":null}]}
		RESX_ExcelExportMode = MultipleSheets
	EndGlobalSection
EndGlobal
